
Microsoft Visual Studio Solution File, Format Version 12.00
# Visual Studio 15
VisualStudioVersion = 15.0.27703.2047
MinimumVisualStudioVersion = 10.0.40219.1
Project("{FAE04EC0-301F-11D3-BF4B-00C04F79EFBC}") = "SampleQueueReader", "SampleQueueReader\SampleQueueReader.csproj", "{1BDA3780-0B9A-48AA-8ADD-8F0D290A4F5A}"
EndProject
Project("{FAE04EC0-301F-11D3-BF4B-00C04F79EFBC}") = "QueueReader", "..\QueueReader\QueueReader.csproj", "{3273E201-DDB5-4F29-94F1-5CAA46A2AC10}"
EndProject
Global
	GlobalSection(SolutionConfigurationPlatforms) = preSolution
		Debug|Any CPU = Debug|Any CPU
		Debug|x86 = Debug|x86
		Release|Any CPU = Release|Any CPU
		Release|x86 = Release|x86
	EndGlobalSection
	GlobalSection(ProjectConfigurationPlatforms) = postSolution
		{1BDA3780-0B9A-48AA-8ADD-8F0D290A4F5A}.Debug|Any CPU.ActiveCfg = Debug|x86
		{1BDA3780-0B9A-48AA-8ADD-8F0D290A4F5A}.Debug|x86.ActiveCfg = Debug|x86
		{1BDA3780-0B9A-48AA-8ADD-8F0D290A4F5A}.Debug|x86.Build.0 = Debug|x86
		{1BDA3780-0B9A-48AA-8ADD-8F0D290A4F5A}.Release|Any CPU.ActiveCfg = Release|x86
		{1BDA3780-0B9A-48AA-8ADD-8F0D290A4F5A}.Release|x86.ActiveCfg = Release|x86
		{1BDA3780-0B9A-48AA-8ADD-8F0D290A4F5A}.Release|x86.Build.0 = Release|x86
		{3273E201-DDB5-4F29-94F1-5CAA46A2AC10}.Debug|Any CPU.ActiveCfg = Debug|Any CPU
		{3273E201-DDB5-4F29-94F1-5CAA46A2AC10}.Debug|Any CPU.Build.0 = Debug|Any CPU
		{3273E201-DDB5-4F29-94F1-5CAA46A2AC10}.Debug|x86.ActiveCfg = Debug|Any CPU
		{3273E201-DDB5-4F29-94F1-5CAA46A2AC10}.Debug|x86.Build.0 = Debug|Any CPU
		{3273E201-DDB5-4F29-94F1-5CAA46A2AC10}.Release|Any CPU.ActiveCfg = Release|Any CPU
		{3273E201-DDB5-4F29-94F1-5CAA46A2AC10}.Release|Any CPU.Build.0 = Release|Any CPU
		{3273E201-DDB5-4F29-94F1-5CAA46A2AC10}.Release|x86.ActiveCfg = Release|Any CPU
		{3273E201-DDB5-4F29-94F1-5CAA46A2AC10}.Release|x86.Build.0 = Release|Any CPU
	EndGlobalSection
	GlobalSection(SolutionProperties) = preSolution
		HideSolutionNode = FALSE
	EndGlobalSection
	GlobalSection(ExtensibilityGlobals) = postSolution
		SolutionGuid = {E79FD39E-C96F-477B-A4DC-CEE3EE670015}
	EndGlobalSection
EndGlobal
